# THIS IS AN AUTOGENERATED FILE. DO NOT EDIT THIS FILE DIRECTLY.
# yarn lockfile v1


"@tensorflow-models/speech-commands@^0.3.9":
  version "0.3.9"
  resolved "https://registry.yarnpkg.com/@tensorflow-models/speech-commands/-/speech-commands-0.3.9.tgz#388cde2cd24bec29cc8f1e2abdfc11eda2082d75"
  integrity sha512-MrMlDEDHkZPKuZawQb1E2Hof1m2ojZrOW1EAVnvZ1Jn+cPmDJz+X3hokYLC3P+UBUq+tAYq1vU0Byt9SbyGWbg==

"@tensorflow-models/toxicity@^1.1.1":
  version "1.1.1"
  resolved "https://registry.yarnpkg.com/@tensorflow-models/toxicity/-/toxicity-1.1.1.tgz#924e9a860e02cae6dedfd60352e84eab0d87a443"
  integrity sha512-fbgBvHKiZP7Purw0XS+IDZVYUP1jnNGe3MSKTDHQtdKTEkQ3hJ7tKo5JP26vlvCp9S+BkvQa7uxBGcXx41jkSQ==
  dependencies:
    "@tensorflow-models/universal-sentence-encoder" "~1.1.1"

"@tensorflow-models/universal-sentence-encoder@~1.1.1":
  version "1.1.1"
  resolved "https://registry.yarnpkg.com/@tensorflow-models/universal-sentence-encoder/-/universal-sentence-encoder-1.1.1.tgz#dba0e200f6787dda85152e46727e02fad4b9552f"
  integrity sha512-A6vyjSgI5LM00fD0cJe3uYqy9NQBxYEq9snfcKKlzzoQE6ZlrBhlCKWnR4Y3tCfA/4dmIi/l0/wj9GT83+gocA==

"@tensorflow/tfjs-converter@1.2.8":
  version "1.2.8"
  resolved "https://registry.yarnpkg.com/@tensorflow/tfjs-converter/-/tfjs-converter-1.2.8.tgz#86fa47be3e92a90d4191956f08015a17b93c3ef9"
  integrity sha512-weHzkNRVgnY9TcbA3XTneNgCyuIXLjF8ks8YbFA+81i2w6qO90xiAdWtP2YmR+F9K9S4WR3bSSB0AQKZAp+mPQ==

"@tensorflow/tfjs-core@1.2.8":
  version "1.2.8"
  resolved "https://registry.yarnpkg.com/@tensorflow/tfjs-core/-/tfjs-core-1.2.8.tgz#d6873b88522f8cf25d34c10afd095866578d7d92"
  integrity sha512-lWV4vAnXAAmahXpCWBwdGGW9HO6iNw9pUeVYih7pDXeJahMk3OJs6SgjRNhwn+ldsGwRoorR0/RHg0yNLmqWxQ==
  dependencies:
    "@types/offscreencanvas" "~2019.3.0"
    "@types/seedrandom" "2.4.27"
    "@types/webgl-ext" "0.0.30"
    "@types/webgl2" "0.0.4"
    node-fetch "~2.1.2"
    seedrandom "2.4.3"

"@tensorflow/tfjs-data@1.2.8":
  version "1.2.8"
  resolved "https://registry.yarnpkg.com/@tensorflow/tfjs-data/-/tfjs-data-1.2.8.tgz#04325ad01167b0168ca8e34e85bc6a475aa5e8a0"
  integrity sha512-KUJy55mRx33OodlDKy6Emt2vvV9EadumZ6JzbtZCf1ADK5ddRpRLhCrEmGauCk+Ay1Zj+p6MYx6CLYqhJsENFQ==
  dependencies:
    "@types/node-fetch" "^2.1.2"
    node-fetch "~2.1.2"

"@tensorflow/tfjs-layers@1.2.8":
  version "1.2.8"
  resolved "https://registry.yarnpkg.com/@tensorflow/tfjs-layers/-/tfjs-layers-1.2.8.tgz#6d696dcfa530708b1fdb0cd7614a0d2a1c8ae58a"
  integrity sha512-NMcA44U0rvVpo/VUTMpqkBP3jbvNhRXV7K8KovLi/WZ9FG/u5XIbIqFkcT3QXBDUyjDUNFToYQM/59dtnaut9Q==

"@tensorflow/tfjs@^1.2.8":
  version "1.2.8"
  resolved "https://registry.yarnpkg.com/@tensorflow/tfjs/-/tfjs-1.2.8.tgz#441b78294f1e2f7174c5773f82424b8d963f0f60"
  integrity sha512-pNgLMWNpzWn8AIaTV+1MOjg0a99IBgGjDLLhgDBJ6m6/mzfDdFv2TxcYtF0kdF4asSd4cHaupuELeOzSF2coFw==
  dependencies:
    "@tensorflow/tfjs-converter" "1.2.8"
    "@tensorflow/tfjs-core" "1.2.8"
    "@tensorflow/tfjs-data" "1.2.8"
    "@tensorflow/tfjs-layers" "1.2.8"

"@types/node-fetch@^2.1.2":
  version "2.5.0"
  resolved "https://registry.yarnpkg.com/@types/node-fetch/-/node-fetch-2.5.0.tgz#1c55616a4591bdd15a389fbd0da4a55b9502add5"
  integrity sha512-TLFRywthBgL68auWj+ziWu+vnmmcHCDFC/sqCOQf1xTz4hRq8cu79z8CtHU9lncExGBsB8fXA4TiLDLt6xvMzw==
  dependencies:
    "@types/node" "*"

"@types/node@*":
  version "12.7.2"
  resolved "https://registry.yarnpkg.com/@types/node/-/node-12.7.2.tgz#c4e63af5e8823ce9cc3f0b34f7b998c2171f0c44"
  integrity sha512-dyYO+f6ihZEtNPDcWNR1fkoTDf3zAK3lAABDze3mz6POyIercH0lEUawUFXlG8xaQZmm1yEBON/4TsYv/laDYg==

"@types/offscreencanvas@~2019.3.0":
  version "2019.3.0"
  resolved "https://registry.yarnpkg.com/@types/offscreencanvas/-/offscreencanvas-2019.3.0.tgz#3336428ec7e9180cf4566dfea5da04eb586a6553"
  integrity sha512-esIJx9bQg+QYF0ra8GnvfianIY8qWB0GBx54PK5Eps6m+xTj86KLavHv6qDhzKcu5UUOgNfJ2pWaIIV7TRUd9Q==

"@types/seedrandom@2.4.27":
  version "2.4.27"
  resolved "https://registry.yarnpkg.com/@types/seedrandom/-/seedrandom-2.4.27.tgz#9db563937dd86915f69092bc43259d2f48578e41"
  integrity sha1-nbVjk33YaRX2kJK8QyWdL0hXjkE=

"@types/webgl-ext@0.0.30":
  version "0.0.30"
  resolved "https://registry.yarnpkg.com/@types/webgl-ext/-/webgl-ext-0.0.30.tgz#0ce498c16a41a23d15289e0b844d945b25f0fb9d"
  integrity sha512-LKVgNmBxN0BbljJrVUwkxwRYqzsAEPcZOe6S2T6ZaBDIrFp0qu4FNlpc5sM1tGbXUYFgdVQIoeLk1Y1UoblyEg==

"@types/webgl2@0.0.4":
  version "0.0.4"
  resolved "https://registry.yarnpkg.com/@types/webgl2/-/webgl2-0.0.4.tgz#c3b0f9d6b465c66138e84e64cb3bdf8373c2c279"
  integrity sha512-PACt1xdErJbMUOUweSrbVM7gSIYm1vTncW2hF6Os/EeWi6TXYAYMPp+8v6rzHmypE5gHrxaxZNXgMkJVIdZpHw==

node-fetch@~2.1.2:
  version "2.1.2"
  resolved "https://registry.yarnpkg.com/node-fetch/-/node-fetch-2.1.2.tgz#ab884e8e7e57e38a944753cec706f788d1768bb5"
  integrity sha1-q4hOjn5X44qUR1POxwb3iNF2i7U=

seedrandom@2.4.3:
  version "2.4.3"
  resolved "https://registry.yarnpkg.com/seedrandom/-/seedrandom-2.4.3.tgz#2438504dad33917314bff18ac4d794f16d6aaecc"
  integrity sha1-JDhQTa0zkXMUv/GKxNeU8W1qrsw=
